// !$*UTF8*$!
{
	archiveVersion = 1;
	classes = {
	};
	objectVersion = 55;
	objects = {

/* Begin PBXBuildFile section */
		A23100CD29FA31BC009A0AFF /* Top3ViewController.swift in Sources */ = {isa = PBXBuildFile; fileRef = A23100CC29FA31BC009A0AFF /* Top3ViewController.swift */; };
		A23100D329FA3717009A0AFF /* Top3CollectionViewCell.swift in Sources */ = {isa = PBXBuildFile; fileRef = A23100D129FA3717009A0AFF /* Top3CollectionViewCell.swift */; };
		A23100D429FA3717009A0AFF /* Top3CollectionViewCell.xib in Resources */ = {isa = PBXBuildFile; fileRef = A23100D229FA3717009A0AFF /* Top3CollectionViewCell.xib */; };
		A23100D629FA3D95009A0AFF /* ProjectExtensions.swift in Sources */ = {isa = PBXBuildFile; fileRef = A23100D529FA3D95009A0AFF /* ProjectExtensions.swift */; };
		A23100D829FA3FDD009A0AFF /* categories.swift in Sources */ = {isa = PBXBuildFile; fileRef = A23100D729FA3FDD009A0AFF /* categories.swift */; };
		A2607ADD297F09C4002BA4E8 /* AppDelegate.swift in Sources */ = {isa = PBXBuildFile; fileRef = A2607ADC297F09C4002BA4E8 /* AppDelegate.swift */; };
		A2607ADF297F09C4002BA4E8 /* SceneDelegate.swift in Sources */ = {isa = PBXBuildFile; fileRef = A2607ADE297F09C4002BA4E8 /* SceneDelegate.swift */; };
		A2607AE1297F09C4002BA4E8 /* ViewController.swift in Sources */ = {isa = PBXBuildFile; fileRef = A2607AE0297F09C4002BA4E8 /* ViewController.swift */; };
		A2607AE4297F09C4002BA4E8 /* Main.storyboard in Resources */ = {isa = PBXBuildFile; fileRef = A2607AE2297F09C4002BA4E8 /* Main.storyboard */; };
		A2607AE6297F09C9002BA4E8 /* Assets.xcassets in Resources */ = {isa = PBXBuildFile; fileRef = A2607AE5297F09C9002BA4E8 /* Assets.xcassets */; };
		A2607AE9297F09C9002BA4E8 /* LaunchScreen.storyboard in Resources */ = {isa = PBXBuildFile; fileRef = A2607AE7297F09C9002BA4E8 /* LaunchScreen.storyboard */; };
		A2BB3D792A017EEB007B9330 /* Top3ViewController+Extension.swift in Sources */ = {isa = PBXBuildFile; fileRef = A2BB3D782A017EEA007B9330 /* Top3ViewController+Extension.swift */; };
		A2BB3D7B2A01B783007B9330 /* DateCate.swift in Sources */ = {isa = PBXBuildFile; fileRef = A2BB3D7A2A01B783007B9330 /* DateCate.swift */; };
		A2BB3D7E2A01C291007B9330 /* BigTableViewCell.swift in Sources */ = {isa = PBXBuildFile; fileRef = A2BB3D7C2A01C291007B9330 /* BigTableViewCell.swift */; };
		A2BB3D7F2A01C291007B9330 /* BigTableViewCell.xib in Resources */ = {isa = PBXBuildFile; fileRef = A2BB3D7D2A01C291007B9330 /* BigTableViewCell.xib */; };
/* End PBXBuildFile section */

/* Begin PBXFileReference section */
		A23100CC29FA31BC009A0AFF /* Top3ViewController.swift */ = {isa = PBXFileReference; lastKnownFileType = sourcecode.swift; path = Top3ViewController.swift; sourceTree = "<group>"; };
		A23100D129FA3717009A0AFF /* Top3CollectionViewCell.swift */ = {isa = PBXFileReference; lastKnownFileType = sourcecode.swift; path = Top3CollectionViewCell.swift; sourceTree = "<group>"; };
		A23100D229FA3717009A0AFF /* Top3CollectionViewCell.xib */ = {isa = PBXFileReference; lastKnownFileType = file.xib; path = Top3CollectionViewCell.xib; sourceTree = "<group>"; };
		A23100D529FA3D95009A0AFF /* ProjectExtensions.swift */ = {isa = PBXFileReference; lastKnownFileType = sourcecode.swift; path = ProjectExtensions.swift; sourceTree = "<group>"; };
		A23100D729FA3FDD009A0AFF /* categories.swift */ = {isa = PBXFileReference; lastKnownFileType = sourcecode.swift; path = categories.swift; sourceTree = "<group>"; };
		A2607AD9297F09C4002BA4E8 /* zeplin1.app */ = {isa = PBXFileReference; explicitFileType = wrapper.application; includeInIndex = 0; path = zeplin1.app; sourceTree = BUILT_PRODUCTS_DIR; };
		A2607ADC297F09C4002BA4E8 /* AppDelegate.swift */ = {isa = PBXFileReference; lastKnownFileType = sourcecode.swift; path = AppDelegate.swift; sourceTree = "<group>"; };
		A2607ADE297F09C4002BA4E8 /* SceneDelegate.swift */ = {isa = PBXFileReference; lastKnownFileType = sourcecode.swift; path = SceneDelegate.swift; sourceTree = "<group>"; };
		A2607AE0297F09C4002BA4E8 /* ViewController.swift */ = {isa = PBXFileReference; lastKnownFileType = sourcecode.swift; path = ViewController.swift; sourceTree = "<group>"; };
		A2607AE3297F09C4002BA4E8 /* Base */ = {isa = PBXFileReference; lastKnownFileType = file.storyboard; name = Base; path = Base.lproj/Main.storyboard; sourceTree = "<group>"; };
		A2607AE5297F09C9002BA4E8 /* Assets.xcassets */ = {isa = PBXFileReference; lastKnownFileType = folder.assetcatalog; path = Assets.xcassets; sourceTree = "<group>"; };
		A2607AE8297F09C9002BA4E8 /* Base */ = {isa = PBXFileReference; lastKnownFileType = file.storyboard; name = Base; path = Base.lproj/LaunchScreen.storyboard; sourceTree = "<group>"; };
		A2607AEA297F09C9002BA4E8 /* Info.plist */ = {isa = PBXFileReference; lastKnownFileType = text.plist.xml; path = Info.plist; sourceTree = "<group>"; };
		A2BB3D782A017EEA007B9330 /* Top3ViewController+Extension.swift */ = {isa = PBXFileReference; lastKnownFileType = sourcecode.swift; path = "Top3ViewController+Extension.swift"; sourceTree = "<group>"; };
		A2BB3D7A2A01B783007B9330 /* DateCate.swift */ = {isa = PBXFileReference; lastKnownFileType = sourcecode.swift; path = DateCate.swift; sourceTree = "<group>"; };
		A2BB3D7C2A01C291007B9330 /* BigTableViewCell.swift */ = {isa = PBXFileReference; lastKnownFileType = sourcecode.swift; path = BigTableViewCell.swift; sourceTree = "<group>"; };
		A2BB3D7D2A01C291007B9330 /* BigTableViewCell.xib */ = {isa = PBXFileReference; lastKnownFileType = file.xib; path = BigTableViewCell.xib; sourceTree = "<group>"; };
/* End PBXFileReference section */

/* Begin PBXFrameworksBuildPhase section */
		A2607AD6297F09C4002BA4E8 /* Frameworks */ = {
			isa = PBXFrameworksBuildPhase;
			buildActionMask = 2147483647;
			files = (
			);
			runOnlyForDeploymentPostprocessing = 0;
		};
/* End PBXFrameworksBuildPhase section */

/* Begin PBXGroup section */
		A23100CE29FA36B6009A0AFF /* Model */ = {
			isa = PBXGroup;
			children = (
				A23100D729FA3FDD009A0AFF /* categories.swift */,
				A2BB3D7A2A01B783007B9330 /* DateCate.swift */,
			);
			path = Model;
			sourceTree = "<group>";
		};
		A23100CF29FA36C1009A0AFF /* Extensions */ = {
			isa = PBXGroup;
			children = (
				A23100D529FA3D95009A0AFF /* ProjectExtensions.swift */,
				A2BB3D782A017EEA007B9330 /* Top3ViewController+Extension.swift */,
			);
			path = Extensions;
			sourceTree = "<group>";
		};
		A23100D029FA36CF009A0AFF /* View */ = {
			isa = PBXGroup;
			children = (
				A23100D129FA3717009A0AFF /* Top3CollectionViewCell.swift */,
				A23100D229FA3717009A0AFF /* Top3CollectionViewCell.xib */,
				A2BB3D7C2A01C291007B9330 /* BigTableViewCell.swift */,
				A2BB3D7D2A01C291007B9330 /* BigTableViewCell.xib */,
			);
			path = View;
			sourceTree = "<group>";
		};
		A2607AD0297F09C3002BA4E8 = {
			isa = PBXGroup;
			children = (
				A2607ADB297F09C4002BA4E8 /* zeplin1 */,
				A2607ADA297F09C4002BA4E8 /* Products */,
			);
			sourceTree = "<group>";
		};
		A2607ADA297F09C4002BA4E8 /* Products */ = {
			isa = PBXGroup;
			children = (
				A2607AD9297F09C4002BA4E8 /* zeplin1.app */,
			);
			name = Products;
			sourceTree = "<group>";
		};
		A2607ADB297F09C4002BA4E8 /* zeplin1 */ = {
			isa = PBXGroup;
			children = (
				A23100CE29FA36B6009A0AFF /* Model */,
				A23100CF29FA36C1009A0AFF /* Extensions */,
				A23100D029FA36CF009A0AFF /* View */,
				A2607ADC297F09C4002BA4E8 /* AppDelegate.swift */,
				A2607ADE297F09C4002BA4E8 /* SceneDelegate.swift */,
				A2607AE0297F09C4002BA4E8 /* ViewController.swift */,
				A23100CC29FA31BC009A0AFF /* Top3ViewController.swift */,
				A2607AE2297F09C4002BA4E8 /* Main.storyboard */,
				A2607AE5297F09C9002BA4E8 /* Assets.xcassets */,
				A2607AE7297F09C9002BA4E8 /* LaunchScreen.storyboard */,
				A2607AEA297F09C9002BA4E8 /* Info.plist */,
			);
			path = zeplin1;
			sourceTree = "<group>";
		};
/* End PBXGroup section */

/* Begin PBXNativeTarget section */
		A2607AD8297F09C4002BA4E8 /* zeplin1 */ = {
			isa = PBXNativeTarget;
			buildConfigurationList = A2607AED297F09C9002BA4E8 /* Build configuration list for PBXNativeTarget "zeplin1" */;
			buildPhases = (
				A2607AD5297F09C4002BA4E8 /* Sources */,
				A2607AD6297F09C4002BA4E8 /* Frameworks */,
				A2607AD7297F09C4002BA4E8 /* Resources */,
			);
			buildRules = (
			);
			dependencies = (
			);
			name = zeplin1;
			productName = zeplin1;
			productReference = A2607AD9297F09C4002BA4E8 /* zeplin1.app */;
			productType = "com.apple.product-type.application";
		};
/* End PBXNativeTarget section */

/* Begin PBXProject section */
		A2607AD1297F09C3002BA4E8 /* Project object */ = {
			isa = PBXProject;
			attributes = {
				BuildIndependentTargetsInParallel = 1;
				LastSwiftUpdateCheck = 1340;
				LastUpgradeCheck = 1340;
				TargetAttributes = {
					A2607AD8297F09C4002BA4E8 = {
						CreatedOnToolsVersion = 13.4.1;
					};
				};
			};
			buildConfigurationList = A2607AD4297F09C3002BA4E8 /* Build configuration list for PBXProject "zeplin1" */;
			compatibilityVersion = "Xcode 13.0";
			developmentRegion = en;
			hasScannedForEncodings = 0;
			knownRegions = (
				en,
				Base,
			);
			mainGroup = A2607AD0297F09C3002BA4E8;
			productRefGroup = A2607ADA297F09C4002BA4E8 /* Products */;
			projectDirPath = "";
			projectRoot = "";
			targets = (
				A2607AD8297F09C4002BA4E8 /* zeplin1 */,
			);
		};
/* End PBXProject section */

/* Begin PBXResourcesBuildPhase section */
		A2607AD7297F09C4002BA4E8 /* Resources */ = {
			isa = PBXResourcesBuildPhase;
			buildActionMask = 2147483647;
			files = (
				A23100D429FA3717009A0AFF /* Top3CollectionViewCell.xib in Resources */,
				A2607AE9297F09C9002BA4E8 /* LaunchScreen.storyboard in Resources */,
				A2BB3D7F2A01C291007B9330 /* BigTableViewCell.xib in Resources */,
				A2607AE6297F09C9002BA4E8 /* Assets.xcassets in Resources */,
				A2607AE4297F09C4002BA4E8 /* Main.storyboard in Resources */,
			);
			runOnlyForDeploymentPostprocessing = 0;
		};
/* End PBXResourcesBuildPhase section */

/* Begin PBXSourcesBuildPhase section */
		A2607AD5297F09C4002BA4E8 /* Sources */ = {
			isa = PBXSourcesBuildPhase;
			buildActionMask = 2147483647;
			files = (
				A2BB3D7E2A01C291007B9330 /* BigTableViewCell.swift in Sources */,
				A23100CD29FA31BC009A0AFF /* Top3ViewController.swift in Sources */,
				A23100D629FA3D95009A0AFF /* ProjectExtensions.swift in Sources */,
				A2BB3D792A017EEB007B9330 /* Top3ViewController+Extension.swift in Sources */,
				A2607AE1297F09C4002BA4E8 /* ViewController.swift in Sources */,
				A2607ADD297F09C4002BA4E8 /* AppDelegate.swift in Sources */,
				A23100D329FA3717009A0AFF /* Top3CollectionViewCell.swift in Sources */,
				A23100D829FA3FDD009A0AFF /* categories.swift in Sources */,
				A2BB3D7B2A01B783007B9330 /* DateCate.swift in Sources */,
				A2607ADF297F09C4002BA4E8 /* SceneDelegate.swift in Sources */,
			);
			runOnlyForDeploymentPostprocessing = 0;
		};
/* End PBXSourcesBuildPhase section */

/* Begin PBXVariantGroup section */
		A2607AE2297F09C4002BA4E8 /* Main.storyboard */ = {
			isa = PBXVariantGroup;
			children = (
				A2607AE3297F09C4002BA4E8 /* Base */,
			);
			name = Main.storyboard;
			sourceTree = "<group>";
		};
		A2607AE7297F09C9002BA4E8 /* LaunchScreen.storyboard */ = {
			isa = PBXVariantGroup;
			children = (
				A2607AE8297F09C9002BA4E8 /* Base */,
			);
			name = LaunchScreen.storyboard;
			sourceTree = "<group>";
		};
/* End PBXVariantGroup section */

/* Begin XCBuildConfiguration section */
		A2607AEB297F09C9002BA4E8 /* Debug */ = {
			isa = XCBuildConfiguration;
			buildSettings = {
				ALWAYS_SEARCH_USER_PATHS = NO;
				CLANG_ANALYZER_NONNULL = YES;
				CLANG_ANALYZER_NUMBER_OBJECT_CONVERSION = YES_AGGRESSIVE;
				CLANG_CXX_LANGUAGE_STANDARD = "gnu++17";
				CLANG_ENABLE_MODULES = YES;
				CLANG_ENABLE_OBJC_ARC = YES;
				CLANG_ENABLE_OBJC_WEAK = YES;
				CLANG_WARN_BLOCK_CAPTURE_AUTORELEASING = YES;
				CLANG_WARN_BOOL_CONVERSION = YES;
				CLANG_WARN_COMMA = YES;
				CLANG_WARN_CONSTANT_CONVERSION = YES;
				CLANG_WARN_DEPRECATED_OBJC_IMPLEMENTATIONS = YES;
				CLANG_WARN_DIRECT_OBJC_ISA_USAGE = YES_ERROR;
				CLANG_WARN_DOCUMENTATION_COMMENTS = YES;
				CLANG_WARN_EMPTY_BODY = YES;
				CLANG_WARN_ENUM_CONVERSION = YES;
				CLANG_WARN_INFINITE_RECURSION = YES;
				CLANG_WARN_INT_CONVERSION = YES;
				CLANG_WARN_NON_LITERAL_NULL_CONVERSION = YES;
				CLANG_WARN_OBJC_IMPLICIT_RETAIN_SELF = YES;
				CLANG_WARN_OBJC_LITERAL_CONVERSION = YES;
				CLANG_WARN_OBJC_ROOT_CLASS = YES_ERROR;
				CLANG_WARN_QUOTED_INCLUDE_IN_FRAMEWORK_HEADER = YES;
				CLANG_WARN_RANGE_LOOP_ANALYSIS = YES;
				CLANG_WARN_STRICT_PROTOTYPES = YES;
				CLANG_WARN_SUSPICIOUS_MOVE = YES;
				CLANG_WARN_UNGUARDED_AVAILABILITY = YES_AGGRESSIVE;
				CLANG_WARN_UNREACHABLE_CODE = YES;
				CLANG_WARN__DUPLICATE_METHOD_MATCH = YES;
				COPY_PHASE_STRIP = NO;
				DEBUG_INFORMATION_FORMAT = dwarf;
				ENABLE_STRICT_OBJC_MSGSEND = YES;
				ENABLE_TESTABILITY = YES;
				GCC_C_LANGUAGE_STANDARD = gnu11;
				GCC_DYNAMIC_NO_PIC = NO;
				GCC_NO_COMMON_BLOCKS = YES;
				GCC_OPTIMIZATION_LEVEL = 0;
				GCC_PREPROCESSOR_DEFINITIONS = (
					"DEBUG=1",
					"$(inherited)",
				);
				GCC_WARN_64_TO_32_BIT_CONVERSION = YES;
				GCC_WARN_ABOUT_RETURN_TYPE = YES_ERROR;
				GCC_WARN_UNDECLARED_SELECTOR = YES;
				GCC_WARN_UNINITIALIZED_AUTOS = YES_AGGRESSIVE;
				GCC_WARN_UNUSED_FUNCTION = YES;
				GCC_WARN_UNUSED_VARIABLE = YES;
				IPHONEOS_DEPLOYMENT_TARGET = 15.5;
				MTL_ENABLE_DEBUG_INFO = INCLUDE_SOURCE;
				MTL_FAST_MATH = YES;
				ONLY_ACTIVE_ARCH = YES;
				SDKROOT = iphoneos;
				SWIFT_ACTIVE_COMPILATION_CONDITIONS = DEBUG;
				SWIFT_OPTIMIZATION_LEVEL = "-Onone";
			};
			name = Debug;
		};
		A2607AEC297F09C9002BA4E8 /* Release */ = {
			isa = XCBuildConfiguration;
			buildSettings = {
				ALWAYS_SEARCH_USER_PATHS = NO;
				CLANG_ANALYZER_NONNULL = YES;
				CLANG_ANALYZER_NUMBER_OBJECT_CONVERSION = YES_AGGRESSIVE;
				CLANG_CXX_LANGUAGE_STANDARD = "gnu++17";
				CLANG_ENABLE_MODULES = YES;
				CLANG_ENABLE_OBJC_ARC = YES;
				CLANG_ENABLE_OBJC_WEAK = YES;
				CLANG_WARN_BLOCK_CAPTURE_AUTORELEASING = YES;
				CLANG_WARN_BOOL_CONVERSION = YES;
				CLANG_WARN_COMMA = YES;
				CLANG_WARN_CONSTANT_CONVERSION = YES;
				CLANG_WARN_DEPRECATED_OBJC_IMPLEMENTATIONS = YES;
				CLANG_WARN_DIRECT_OBJC_ISA_USAGE = YES_ERROR;
				CLANG_WARN_DOCUMENTATION_COMMENTS = YES;
				CLANG_WARN_EMPTY_BODY = YES;
				CLANG_WARN_ENUM_CONVERSION = YES;
				CLANG_WARN_INFINITE_RECURSION = YES;
				CLANG_WARN_INT_CONVERSION = YES;
				CLANG_WARN_NON_LITERAL_NULL_CONVERSION = YES;
				CLANG_WARN_OBJC_IMPLICIT_RETAIN_SELF = YES;
				CLANG_WARN_OBJC_LITERAL_CONVERSION = YES;
				CLANG_WARN_OBJC_ROOT_CLASS = YES_ERROR;
				CLANG_WARN_QUOTED_INCLUDE_IN_FRAMEWORK_HEADER = YES;
				CLANG_WARN_RANGE_LOOP_ANALYSIS = YES;
				CLANG_WARN_STRICT_PROTOTYPES = YES;
				CLANG_WARN_SUSPICIOUS_MOVE = YES;
				CLANG_WARN_UNGUARDED_AVAILABILITY = YES_AGGRESSIVE;
				CLANG_WARN_UNREACHABLE_CODE = YES;
				CLANG_WARN__DUPLICATE_METHOD_MATCH = YES;
				COPY_PHASE_STRIP = NO;
				DEBUG_INFORMATION_FORMAT = "dwarf-with-dsym";
				ENABLE_NS_ASSERTIONS = NO;
				ENABLE_STRICT_OBJC_MSGSEND = YES;
				GCC_C_LANGUAGE_STANDARD = gnu11;
				GCC_NO_COMMON_BLOCKS = YES;
				GCC_WARN_64_TO_32_BIT_CONVERSION = YES;
				GCC_WARN_ABOUT_RETURN_TYPE = YES_ERROR;
				GCC_WARN_UNDECLARED_SELECTOR = YES;
				GCC_WARN_UNINITIALIZED_AUTOS = YES_AGGRESSIVE;
				GCC_WARN_UNUSED_FUNCTION = YES;
				GCC_WARN_UNUSED_VARIABLE = YES;
				IPHONEOS_DEPLOYMENT_TARGET = 15.5;
				MTL_ENABLE_DEBUG_INFO = NO;
				MTL_FAST_MATH = YES;
				SDKROOT = iphoneos;
				SWIFT_COMPILATION_MODE = wholemodule;
				SWIFT_OPTIMIZATION_LEVEL = "-O";
				VALIDATE_PRODUCT = YES;
			};
			name = Release;
		};
		A2607AEE297F09C9002BA4E8 /* Debug */ = {
			isa = XCBuildConfiguration;
			buildSettings = {
				ASSETCATALOG_COMPILER_APPICON_NAME = AppIcon;
				ASSETCATALOG_COMPILER_GLOBAL_ACCENT_COLOR_NAME = AccentColor;
				CODE_SIGN_STYLE = Automatic;
				CURRENT_PROJECT_VERSION = 1;
				DEVELOPMENT_TEAM = P56ZC78RM6;
				GENERATE_INFOPLIST_FILE = YES;
				INFOPLIST_FILE = zeplin1/Info.plist;
				INFOPLIST_KEY_UIApplicationSupportsIndirectInputEvents = YES;
				INFOPLIST_KEY_UILaunchStoryboardName = LaunchScreen;
				INFOPLIST_KEY_UIMainStoryboardFile = Main;
				INFOPLIST_KEY_UISupportedInterfaceOrientations_iPad = "UIInterfaceOrientationPortrait UIInterfaceOrientationPortraitUpsideDown UIInterfaceOrientationLandscapeLeft UIInterfaceOrientationLandscapeRight";
				INFOPLIST_KEY_UISupportedInterfaceOrientations_iPhone = "UIInterfaceOrientationPortrait UIInterfaceOrientationLandscapeLeft UIInterfaceOrientationLandscapeRight";
				LD_RUNPATH_SEARCH_PATHS = (
					"$(inherited)",
					"@executable_path/Frameworks",
				);
				MARKETING_VERSION = 1.0;
				PRODUCT_BUNDLE_IDENTIFIER = "-.zeplin1";
				PRODUCT_NAME = "$(TARGET_NAME)";
				SWIFT_EMIT_LOC_STRINGS = YES;
				SWIFT_VERSION = 5.0;
				TARGETED_DEVICE_FAMILY = "1,2";
			};
			name = Debug;
		};
		A2607AEF297F09C9002BA4E8 /* Release */ = {
			isa = XCBuildConfiguration;
			buildSettings = {
				ASSETCATALOG_COMPILER_APPICON_NAME = AppIcon;
				ASSETCATALOG_COMPILER_GLOBAL_ACCENT_COLOR_NAME = AccentColor;
				CODE_SIGN_STYLE = Automatic;
				CURRENT_PROJECT_VERSION = 1;
				DEVELOPMENT_TEAM = P56ZC78RM6;
				GENERATE_INFOPLIST_FILE = YES;
				INFOPLIST_FILE = zeplin1/Info.plist;
				INFOPLIST_KEY_UIApplicationSupportsIndirectInputEvents = YES;
				INFOPLIST_KEY_UILaunchStoryboardName = LaunchScreen;
				INFOPLIST_KEY_UIMainStoryboardFile = Main;
				INFOPLIST_KEY_UISupportedInterfaceOrientations_iPad = "UIInterfaceOrientationPortrait UIInterfaceOrientationPortraitUpsideDown UIInterfaceOrientationLandscapeLeft UIInterfaceOrientationLandscapeRight";
				INFOPLIST_KEY_UISupportedInterfaceOrientations_iPhone = "UIInterfaceOrientationPortrait UIInterfaceOrientationLandscapeLeft UIInterfaceOrientationLandscapeRight";
				LD_RUNPATH_SEARCH_PATHS = (
					"$(inherited)",
					"@executable_path/Frameworks",
				);
				MARKETING_VERSION = 1.0;
				PRODUCT_BUNDLE_IDENTIFIER = "-.zeplin1";
				PRODUCT_NAME = "$(TARGET_NAME)";
				SWIFT_EMIT_LOC_STRINGS = YES;
				SWIFT_VERSION = 5.0;
				TARGETED_DEVICE_FAMILY = "1,2";
			};
			name = Release;
		};
/* End XCBuildConfiguration section */

/* Begin XCConfigurationList section */
		A2607AD4297F09C3002BA4E8 /* Build configuration list for PBXProject "zeplin1" */ = {
			isa = XCConfigurationList;
			buildConfigurations = (
				A2607AEB297F09C9002BA4E8 /* Debug */,
				A2607AEC297F09C9002BA4E8 /* Release */,
			);
			defaultConfigurationIsVisible = 0;
			defaultConfigurationName = Release;
		};
		A2607AED297F09C9002BA4E8 /* Build configuration list for PBXNativeTarget "zeplin1" */ = {
			isa = XCConfigurationList;
			buildConfigurations = (
				A2607AEE297F09C9002BA4E8 /* Debug */,
				A2607AEF297F09C9002BA4E8 /* Release */,
			);
			defaultConfigurationIsVisible = 0;
			defaultConfigurationName = Release;
		};
/* End XCConfigurationList section */
	};
	rootObject = A2607AD1297F09C3002BA4E8 /* Project object */;
}
